
Microsoft Visual Studio Solution File, Format Version 12.00
# Visual Studio Version 17
VisualStudioVersion = 17.4.33213.308
MinimumVisualStudioVersion = 10.0.40219.1
Project("{FAE04EC0-301F-11D3-BF4B-00C04F79EFBC}") = "smartcalc-quickbooks", "smartcalc-quickbooks\smartcalc-quickbooks.csproj", "{F12A42D6-F49E-49B3-A538-0F253493E476}"
EndProject
Global
	GlobalSection(SolutionConfigurationPlatforms) = preSolution
		Debug|Any CPU = Debug|Any CPU
		Release|Any CPU = Release|Any CPU
	EndGlobalSection
	GlobalSection(ProjectConfigurationPlatforms) = postSolution
		{F12A42D6-F49E-49B3-A538-0F253493E476}.Debug|Any CPU.ActiveCfg = Debug|Any CPU
		{F12A42D6-F49E-49B3-A538-0F253493E476}.Debug|Any CPU.Build.0 = Debug|Any CPU
		{F12A42D6-F49E-49B3-A538-0F253493E476}.Release|Any CPU.ActiveCfg = Release|Any CPU
		{F12A42D6-F49E-49B3-A538-0F253493E476}.Release|Any CPU.Build.0 = Release|Any CPU
	EndGlobalSection
	GlobalSection(SolutionProperties) = preSolution
		HideSolutionNode = FALSE
	EndGlobalSection
	GlobalSection(ExtensibilityGlobals) = postSolution
		SolutionGuid = {893DAD7D-F13A-4CA4-9D18-E2BABEE7FA42}
	EndGlobalSection
EndGlobal
