
Microsoft Visual Studio Solution File, Format Version 12.00
# Visual Studio Version 17
VisualStudioVersion = 17.4.33213.308
MinimumVisualStudioVersion = 10.0.40219.1
Project("{9A19103F-16F7-4668-BE54-9A1E7A4F7556}") = "smartcalc-quickbooks", "smartcalc-quickbooks\smartcalc-quickbooks.csproj", "{F12A42D6-F49E-49B3-A538-0F253493E476}"
EndProject
Project("{FAE04EC0-301F-11D3-BF4B-00C04F79EFBC}") = "SubscribeAndHandleQBEvent", "..\..\..\..\..\Program Files\Intuit\IDN\QBSDK16.0\samples\qbdt\c-sharp\qbXML\SubscribeAndHandleQBEvent_vs15\SubscribeAndHandleQBEvent.csproj", "{868CE953-4142-43E8-B605-A37D6BA94636}"
EndProject
Global
	GlobalSection(SolutionConfigurationPlatforms) = preSolution
		Debug|Any CPU = Debug|Any CPU
		Debug|x64 = Debug|x64
		Release|Any CPU = Release|Any CPU
		Release|x64 = Release|x64
	EndGlobalSection
	GlobalSection(ProjectConfigurationPlatforms) = postSolution
		{F12A42D6-F49E-49B3-A538-0F253493E476}.Debug|Any CPU.ActiveCfg = Debug|Any CPU
		{F12A42D6-F49E-49B3-A538-0F253493E476}.Debug|Any CPU.Build.0 = Debug|Any CPU
		{F12A42D6-F49E-49B3-A538-0F253493E476}.Debug|x64.ActiveCfg = Debug|Any CPU
		{F12A42D6-F49E-49B3-A538-0F253493E476}.Debug|x64.Build.0 = Debug|Any CPU
		{F12A42D6-F49E-49B3-A538-0F253493E476}.Release|Any CPU.ActiveCfg = Release|Any CPU
		{F12A42D6-F49E-49B3-A538-0F253493E476}.Release|Any CPU.Build.0 = Release|Any CPU
		{F12A42D6-F49E-49B3-A538-0F253493E476}.Release|x64.ActiveCfg = Release|Any CPU
		{F12A42D6-F49E-49B3-A538-0F253493E476}.Release|x64.Build.0 = Release|Any CPU
		{868CE953-4142-43E8-B605-A37D6BA94636}.Debug|Any CPU.ActiveCfg = Debug|Any CPU
		{868CE953-4142-43E8-B605-A37D6BA94636}.Debug|Any CPU.Build.0 = Debug|Any CPU
		{868CE953-4142-43E8-B605-A37D6BA94636}.Debug|x64.ActiveCfg = Debug|x64
		{868CE953-4142-43E8-B605-A37D6BA94636}.Debug|x64.Build.0 = Debug|x64
		{868CE953-4142-43E8-B605-A37D6BA94636}.Release|Any CPU.ActiveCfg = Release|Any CPU
		{868CE953-4142-43E8-B605-A37D6BA94636}.Release|Any CPU.Build.0 = Release|Any CPU
		{868CE953-4142-43E8-B605-A37D6BA94636}.Release|x64.ActiveCfg = Release|x64
		{868CE953-4142-43E8-B605-A37D6BA94636}.Release|x64.Build.0 = Release|x64
	EndGlobalSection
	GlobalSection(SolutionProperties) = preSolution
		HideSolutionNode = FALSE
	EndGlobalSection
	GlobalSection(ExtensibilityGlobals) = postSolution
		SolutionGuid = {893DAD7D-F13A-4CA4-9D18-E2BABEE7FA42}
	EndGlobalSection
EndGlobal
